Microsoft Visual Studio Solution File, Format Version 10.00
# Visual Studio 2008
Project("{2150E333-8FDC-42A3-9474-1A3956D46DE8}") = "Solution Items", "Solution Items", "{9A03C0E3-4F85-4207-8669-066D94644678}"
	ProjectSection(SolutionItems) = preProject
		License.txt = License.txt
	EndProjectSection
EndProject
Project("{FAE04EC0-301F-11D3-BF4B-00C04F79EFBC}") = "DoFactory.HeadFirst.Strategy", "DoFactory.HeadFirst.Strategy\DoFactory.HeadFirst.Strategy.csproj", "{5F5C5079-FB77-4E5E-A7BB-C9566DC705C2}"
EndProject
Project("{FAE04EC0-301F-11D3-BF4B-00C04F79EFBC}") = "DoFactory.HeadFirst.Observer.WeatherStation", "DoFactory.HeadFirst.Observer.WeatherStation\DoFactory.HeadFirst.Observer.WeatherStation.csproj", "{BBFDEF36-3747-41AE-8E67-44799F4A4397}"
EndProject
Project("{FAE04EC0-301F-11D3-BF4B-00C04F79EFBC}") = "DoFactory.HeadFirst.Observer.WeatherStationObservable", "DoFactory.HeadFirst.Observer.WeatherStationObservable\DoFactory.HeadFirst.Observer.WeatherStationObservable.csproj", "{A8BA73FD-FA67-45EE-9412-3ABD25BDE17F}"
EndProject
Project("{FAE04EC0-301F-11D3-BF4B-00C04F79EFBC}") = "DoFactory.HeadFirst.Observer.DotNet", "DoFactory.HeadFirst.Observer.Swing\DoFactory.HeadFirst.Observer.DotNet.csproj", "{D80F8E3A-CB80-4B88-A1C1-EB276262C867}"
EndProject
Project("{FAE04EC0-301F-11D3-BF4B-00C04F79EFBC}") = "DoFactory.HeadFirst.Decorator.Starbuzz", "DoFactory.HeadFirst.Decorator.Starbuzz\DoFactory.HeadFirst.Decorator.Starbuzz.csproj", "{943B7878-4D60-47AF-B440-36D8829E71F4}"
EndProject
Project("{FAE04EC0-301F-11D3-BF4B-00C04F79EFBC}") = "DoFactory.HeadFirst.Decorator.IO", "DoFactory.HeadFirst.Decorator.IO\DoFactory.HeadFirst.Decorator.IO.csproj", "{057BB126-FFCC-4CA0-A5B4-0A9AD7DA6CE0}"
EndProject
Project("{FAE04EC0-301F-11D3-BF4B-00C04F79EFBC}") = "DoFactory.HeadFirst.Factory.PizzaShop", "DoFactory.HeadFirst.Factory.PizzaShop\DoFactory.HeadFirst.Factory.PizzaShop.csproj", "{9A98BA18-E928-43D8-81D5-9D71BBF838F7}"
EndProject
Project("{FAE04EC0-301F-11D3-BF4B-00C04F79EFBC}") = "DoFactory.HeadFirst.Factory.Method.Pizza", "DoFactory.HeadFirst.Factory.Method.Pizza\DoFactory.HeadFirst.Factory.Method.Pizza.csproj", "{EA0D5209-3787-4F24-BC23-66A5B12976CC}"
EndProject
Project("{FAE04EC0-301F-11D3-BF4B-00C04F79EFBC}") = "DoFactory.HeadFirst.Factory.Abstract.Pizza", "DoFactory.HeadFirst.Factory.Abstract.Pizza\DoFactory.HeadFirst.Factory.Abstract.Pizza.csproj", "{1C536373-5EBE-405A-93E1-A85A14DBD83D}"
EndProject
Project("{FAE04EC0-301F-11D3-BF4B-00C04F79EFBC}") = "DoFactory.HeadFirst.Singleton.Classic", "DoFactory.HeadFirst.Singleton.Classic\DoFactory.HeadFirst.Singleton.Classic.csproj", "{51E0EAA9-057C-49C2-ACD5-7CF54D71561E}"
EndProject
Project("{FAE04EC0-301F-11D3-BF4B-00C04F79EFBC}") = "DoFactory.HeadFirst.Singleton.Chocolate", "DoFactory.HeadFirst.Singleton.Chocolate\DoFactory.HeadFirst.Singleton.Chocolate.csproj", "{D95D00E9-85F4-4E77-9F6B-7523160FBA5D}"
EndProject
Project("{FAE04EC0-301F-11D3-BF4B-00C04F79EFBC}") = "DoFactory.HeadFirst.Singleton.MultiThreading", "DoFactory.HeadFirst.Singleton.MultiThreading\DoFactory.HeadFirst.Singleton.MultiThreading.csproj", "{B16DEDF5-A931-4F78-AADC-719575A3BCCA}"
EndProject
Project("{FAE04EC0-301F-11D3-BF4B-00C04F79EFBC}") = "DoFactory.HeadFirst.Singleton.DoubleChecked", "DoFactory.HeadFirst.Singleton.DoubleChecked\DoFactory.HeadFirst.Singleton.DoubleChecked.csproj", "{5845B3E6-A63A-4667-9846-51F9A9EFA230}"
EndProject
Project("{FAE04EC0-301F-11D3-BF4B-00C04F79EFBC}") = "DoFactory.HeadFirst.Command.SimpleRemote", "DoFactory.HeadFirst.Command.SimpleRemote\DoFactory.HeadFirst.Command.SimpleRemote.csproj", "{B150022F-D608-47E2-9F82-43096284BE9E}"
EndProject
Project("{FAE04EC0-301F-11D3-BF4B-00C04F79EFBC}") = "DoFactory.HeadFirst.Command.Remote", "DoFactory.HeadFirst.Command.Remote\DoFactory.HeadFirst.Command.Remote.csproj", "{447A0B21-EF25-477C-8D1F-FC75D920C7A4}"
EndProject
Project("{FAE04EC0-301F-11D3-BF4B-00C04F79EFBC}") = "DoFactory.HeadFirst.Command.Undo", "DoFactory.HeadFirst.Command.Undo\DoFactory.HeadFirst.Command.Undo.csproj", "{A0C9625C-9920-4C6A-B67B-BAB253169171}"
EndProject
Project("{FAE04EC0-301F-11D3-BF4B-00C04F79EFBC}") = "DoFactory.HeadFirst.Command.Party", "DoFactory.HeadFirst.Command.Party\DoFactory.HeadFirst.Command.Party.csproj", "{38D5C87C-2F7F-4658-A5A4-CADD69865212}"
EndProject
Project("{FAE04EC0-301F-11D3-BF4B-00C04F79EFBC}") = "DoFactory.HeadFirst.Adapter.Ducks", "DoFactory.HeadFirst.Adapter.Duck\DoFactory.HeadFirst.Adapter.Ducks.csproj", "{3C3BF829-3D03-44C3-8D66-69538E9DA22D}"
EndProject
Project("{FAE04EC0-301F-11D3-BF4B-00C04F79EFBC}") = "DoFactory.HeadFirst.Adapter.IterEnum", "DoFactory.HeadFirst.Adapter.EnumIter\DoFactory.HeadFirst.Adapter.IterEnum.csproj", "{0BB0E6E1-75A6-4266-80DD-D9F64AF64CD2}"
EndProject
Project("{FAE04EC0-301F-11D3-BF4B-00C04F79EFBC}") = "DoFactory.HeadFirst.Template.SimpleBarista", "DoFactory.HeadFirst.Template.SimpleBarista\DoFactory.HeadFirst.Template.SimpleBarista.csproj", "{B76B8EE8-393A-42BD-95A6-2534152E25DC}"
EndProject
Project("{FAE04EC0-301F-11D3-BF4B-00C04F79EFBC}") = "DoFactory.HeadFirst.Template.Barista", "DoFactory.HeadFirst.Template.Barista\DoFactory.HeadFirst.Template.Barista.csproj", "{F7C22D48-CDE7-4A31-A9AB-C88B6C767781}"
EndProject
Project("{FAE04EC0-301F-11D3-BF4B-00C04F79EFBC}") = "DoFactory.HeadFirst.Iterator.DinerMerger", "DoFactory.HeadFirst.Iterator.DinerMerger\DoFactory.HeadFirst.Iterator.DinerMerger.csproj", "{8C4B14BC-2D53-4AB2-A3A8-2D0EF4D2CFBE}"
EndProject
Project("{FAE04EC0-301F-11D3-BF4B-00C04F79EFBC}") = "DoFactory.HeadFirst.Iterator.DinerMergerI", "DoFactory.HeadFirst.Iterator.DinerMergerI\DoFactory.HeadFirst.Iterator.DinerMergerI.csproj", "{C84DEA34-E61F-41A0-9B85-71ED61E2E282}"
EndProject
Project("{FAE04EC0-301F-11D3-BF4B-00C04F79EFBC}") = "DoFactory.HeadFirst.Iterator.DinerMergerCafe", "DoFactory.HeadFirst.Iterator.DinerMergerCafe\DoFactory.HeadFirst.Iterator.DinerMergerCafe.csproj", "{0F5925B4-099C-42E4-8708-831F70C7AF5C}"
EndProject
Project("{FAE04EC0-301F-11D3-BF4B-00C04F79EFBC}") = "DoFactory.HeadFirst.Composite.Menu", "DoFactory.HeadFirst.Composite.Menu\DoFactory.HeadFirst.Composite.Menu.csproj", "{16D00731-E554-4A81-AE7B-5E1292E8DD91}"
EndProject
Project("{FAE04EC0-301F-11D3-BF4B-00C04F79EFBC}") = "DoFactory.HeadFirst.Composite.MenuIterator", "DoFactory.HeadFirst.Composite.MenuIterator\DoFactory.HeadFirst.Composite.MenuIterator.csproj", "{C6DE1C95-DBE6-4CD6-B8EB-51B014F7E6E3}"
EndProject
Project("{FAE04EC0-301F-11D3-BF4B-00C04F79EFBC}") = "DoFactory.HeadFirst.State.Gumball", "DoFactory.HeadFirst.State.Gumball\DoFactory.HeadFirst.State.Gumball.csproj", "{F30F5076-4ADD-43CC-A415-B4A2ED4BE83A}"
EndProject
Project("{FAE04EC0-301F-11D3-BF4B-00C04F79EFBC}") = "DoFactory.HeadFirst.State.GumballState", "DoFactory.HeadFirst.State.GumballState\DoFactory.HeadFirst.State.GumballState.csproj", "{6168C4C3-8DDE-473D-B573-A21EC58B94F8}"
EndProject
Project("{FAE04EC0-301F-11D3-BF4B-00C04F79EFBC}") = "DoFactory.HeadFirst.State.GumballStateWinner", "DoFactory.HeadFirst.State.GumballStateWinner\DoFactory.HeadFirst.State.GumballStateWinner.csproj", "{DC711AF4-0EB5-4B44-ADB2-8487F2D9E9D3}"
EndProject
Project("{FAE04EC0-301F-11D3-BF4B-00C04F79EFBC}") = "DoFactory.HeadFirst.Proxy.GumballMonitor", "DoFactory.HeadFirst.Proxy.GumballMonitor\DoFactory.HeadFirst.Proxy.GumballMonitor.csproj", "{955E2F9B-39EE-44A1-94E5-CD6CC4E9861F}"
EndProject
Project("{FAE04EC0-301F-11D3-BF4B-00C04F79EFBC}") = "DoFactory.HeadFirst.Combining.Ducks", "DoFactory.HeadFirst.Compound.Ducks\DoFactory.HeadFirst.Combining.Ducks.csproj", "{61ED7203-479B-4F0E-A1F5-5D80DD130EE7}"
EndProject
Project("{FAE04EC0-301F-11D3-BF4B-00C04F79EFBC}") = "DoFactory.HeadFirst.Combining.Adapter", "DoFactory.HeadFirst.Compound.Adapter\DoFactory.HeadFirst.Combining.Adapter.csproj", "{A4F680A5-7808-4777-8045-5B01B9677F65}"
EndProject
Project("{FAE04EC0-301F-11D3-BF4B-00C04F79EFBC}") = "DoFactory.HeadFirst.Combining.Decorator", "DoFactory.HeadFirst.Compound.Decorator\DoFactory.HeadFirst.Combining.Decorator.csproj", "{190A1162-5059-4480-984D-F2A07B0348CD}"
EndProject
Project("{FAE04EC0-301F-11D3-BF4B-00C04F79EFBC}") = "DoFactory.HeadFirst.Combining.Factory", "DoFactory.HeadFirst.Compound.Factory\DoFactory.HeadFirst.Combining.Factory.csproj", "{DA3944E4-3065-4035-8382-09EDC88C9BCF}"
EndProject
Project("{FAE04EC0-301F-11D3-BF4B-00C04F79EFBC}") = "DoFactory.HeadFirst.Combining.Composite", "DoFactory.HeadFirst.Compound.Composite\DoFactory.HeadFirst.Combining.Composite.csproj", "{35A03563-775E-4915-ACC3-F009226535E6}"
EndProject
Project("{FAE04EC0-301F-11D3-BF4B-00C04F79EFBC}") = "DoFactory.HeadFirst.Combining.Observer", "DoFactory.HeadFirst.Compound.Observer\DoFactory.HeadFirst.Combining.Observer.csproj", "{C231E5B9-2985-44F6-92C1-BF65D1892A5A}"
EndProject
Project("{FAE04EC0-301F-11D3-BF4B-00C04F79EFBC}") = "DoFactory.HeadFirst.Template.Sort", "DoFactory.HeadFirst.Template.Sort\DoFactory.HeadFirst.Template.Sort.csproj", "{6E9CB14C-A40E-475F-BF26-AE8FADF19BBA}"
EndProject
Project("{FAE04EC0-301F-11D3-BF4B-00C04F79EFBC}") = "DoFactory.HeadFirst.Template.WindowsService", "DoFactory.HeadFirst.Template.WindowsService\DoFactory.HeadFirst.Template.WindowsService.csproj", "{7DDC0DA4-126F-4769-B233-658715C4B3EA}"
EndProject
Project("{FAE04EC0-301F-11D3-BF4B-00C04F79EFBC}") = "DoFactory.HeadFirst.Proxy.VirtualProxy", "DoFactory.HeadFirst.Proxy.VirtualProxy\DoFactory.HeadFirst.Proxy.VirtualProxy.csproj", "{3164096D-7F05-4134-9FAE-B2C62EBC7F81}"
EndProject
Project("{FAE04EC0-301F-11D3-BF4B-00C04F79EFBC}") = "DoFactory.HeadFirst.Combined.MVC", "DoFactory.HeadFirst.Combined.MVC\DoFactory.HeadFirst.Combined.MVC.csproj", "{B010A3EB-E660-462B-8E0A-A2B59CFE21EB}"
EndProject
Project("{FAE04EC0-301F-11D3-BF4B-00C04F79EFBC}") = "DoFactory.HeadFirst.Template.Control", "DoFactory.HeadFirst.Template.Control\DoFactory.HeadFirst.Template.Control.csproj", "{141728F8-4992-4B8E-A1AD-FB2C5F37A975}"
EndProject
Project("{FAE04EC0-301F-11D3-BF4B-00C04F79EFBC}") = "DoFactory.HeadFirst.Facade.HomeTheater", "DoFactory.HeadFirst.Facade.HomeTheater\DoFactory.HeadFirst.Facade.HomeTheater.csproj", "{8E25F2BE-0709-4C85-85F1-E7AC55C07937}"
EndProject
Project("{FAE04EC0-301F-11D3-BF4B-00C04F79EFBC}") = "DoFactory.HeadFirst.Proxy.GumballState.Machine", "DoFactory.HeadFirst.Proxy.GumballState.Machine\DoFactory.HeadFirst.Proxy.GumballState.Machine.csproj", "{762AE60D-53CC-4ECD-BC5A-E263B1A36ED3}"
EndProject
Project("{FAE04EC0-301F-11D3-BF4B-00C04F79EFBC}") = "DoFactory.HeadFirst.Proxy.GumballState.Host", "DoFactory.HeadFirst.Proxy.GumballState.Host\DoFactory.HeadFirst.Proxy.GumballState.Host.csproj", "{574495B8-D688-4459-B8C0-4B4237A4814D}"
EndProject
Project("{FAE04EC0-301F-11D3-BF4B-00C04F79EFBC}") = "DoFactory.HeadFirst.Proxy.GumballState.Client", "DoFactory.HeadFirst.Proxy.GumballState.Client\DoFactory.HeadFirst.Proxy.GumballState.Client.csproj", "{E697CB5D-D36B-4CE6-A978-E14F61492D61}"
	ProjectSection(ProjectDependencies) = postProject
		{574495B8-D688-4459-B8C0-4B4237A4814D} = {574495B8-D688-4459-B8C0-4B4237A4814D}
	EndProjectSection
EndProject
Global
	GlobalSection(SourceCodeControl) = preSolution
		SccNumberOfProjects = 46
		SccLocalPath0 = .
		SccProjectUniqueName1 = DoFactory.HeadFirst.Adapter.Duck\\DoFactory.HeadFirst.Adapter.Ducks.csproj
		SccLocalPath1 = .
		SccProjectFilePathRelativizedFromConnection1 = DoFactory.HeadFirst.Adapter.Duck\\
		SccProjectUniqueName2 = DoFactory.HeadFirst.Adapter.EnumIter\\DoFactory.HeadFirst.Adapter.IterEnum.csproj
		SccLocalPath2 = .
		SccProjectFilePathRelativizedFromConnection2 = DoFactory.HeadFirst.Adapter.EnumIter\\
		SccProjectUniqueName3 = DoFactory.HeadFirst.Combined.MVC\\DoFactory.HeadFirst.Combined.MVC.csproj
		SccLocalPath3 = .
		SccProjectFilePathRelativizedFromConnection3 = DoFactory.HeadFirst.Combined.MVC\\
		SccProjectUniqueName4 = DoFactory.HeadFirst.Command.Party\\DoFactory.HeadFirst.Command.Party.csproj
		SccLocalPath4 = .
		SccProjectFilePathRelativizedFromConnection4 = DoFactory.HeadFirst.Command.Party\\
		SccProjectUniqueName5 = DoFactory.HeadFirst.Command.Remote\\DoFactory.HeadFirst.Command.Remote.csproj
		SccLocalPath5 = .
		SccProjectFilePathRelativizedFromConnection5 = DoFactory.HeadFirst.Command.Remote\\
		SccProjectUniqueName6 = DoFactory.HeadFirst.Command.SimpleRemote\\DoFactory.HeadFirst.Command.SimpleRemote.csproj
		SccLocalPath6 = .
		SccProjectFilePathRelativizedFromConnection6 = DoFactory.HeadFirst.Command.SimpleRemote\\
		SccProjectUniqueName7 = DoFactory.HeadFirst.Command.Undo\\DoFactory.HeadFirst.Command.Undo.csproj
		SccLocalPath7 = .
		SccProjectFilePathRelativizedFromConnection7 = DoFactory.HeadFirst.Command.Undo\\
		SccProjectUniqueName8 = DoFactory.HeadFirst.Composite.Menu\\DoFactory.HeadFirst.Composite.Menu.csproj
		SccLocalPath8 = .
		SccProjectFilePathRelativizedFromConnection8 = DoFactory.HeadFirst.Composite.Menu\\
		SccProjectUniqueName9 = DoFactory.HeadFirst.Composite.MenuIterator\\DoFactory.HeadFirst.Composite.MenuIterator.csproj
		SccLocalPath9 = .
		SccProjectFilePathRelativizedFromConnection9 = DoFactory.HeadFirst.Composite.MenuIterator\\
		SccProjectUniqueName10 = DoFactory.HeadFirst.Compound.Adapter\\DoFactory.HeadFirst.Combining.Adapter.csproj
		SccLocalPath10 = .
		SccProjectFilePathRelativizedFromConnection10 = DoFactory.HeadFirst.Compound.Adapter\\
		SccProjectUniqueName11 = DoFactory.HeadFirst.Compound.Composite\\DoFactory.HeadFirst.Combining.Composite.csproj
		SccLocalPath11 = .
		SccProjectFilePathRelativizedFromConnection11 = DoFactory.HeadFirst.Compound.Composite\\
		SccProjectUniqueName12 = DoFactory.HeadFirst.Compound.Decorator\\DoFactory.HeadFirst.Combining.Decorator.csproj
		SccLocalPath12 = .
		SccProjectFilePathRelativizedFromConnection12 = DoFactory.HeadFirst.Compound.Decorator\\
		SccProjectUniqueName13 = DoFactory.HeadFirst.Compound.Ducks\\DoFactory.HeadFirst.Combining.Ducks.csproj
		SccLocalPath13 = .
		SccProjectFilePathRelativizedFromConnection13 = DoFactory.HeadFirst.Compound.Ducks\\
		SccProjectUniqueName14 = DoFactory.HeadFirst.Compound.Factory\\DoFactory.HeadFirst.Combining.Factory.csproj
		SccLocalPath14 = .
		SccProjectFilePathRelativizedFromConnection14 = DoFactory.HeadFirst.Compound.Factory\\
		SccProjectUniqueName15 = DoFactory.HeadFirst.Compound.Observer\\DoFactory.HeadFirst.Combining.Observer.csproj
		SccLocalPath15 = .
		SccProjectFilePathRelativizedFromConnection15 = DoFactory.HeadFirst.Compound.Observer\\
		SccProjectUniqueName16 = DoFactory.HeadFirst.Decorator.IO\\DoFactory.HeadFirst.Decorator.IO.csproj
		SccLocalPath16 = .
		SccProjectFilePathRelativizedFromConnection16 = DoFactory.HeadFirst.Decorator.IO\\
		SccProjectUniqueName17 = DoFactory.HeadFirst.Decorator.Starbuzz\\DoFactory.HeadFirst.Decorator.Starbuzz.csproj
		SccLocalPath17 = .
		SccProjectFilePathRelativizedFromConnection17 = DoFactory.HeadFirst.Decorator.Starbuzz\\
		SccProjectUniqueName18 = DoFactory.HeadFirst.Facade.HomeTheater\\DoFactory.HeadFirst.Facade.HomeTheater.csproj
		SccLocalPath18 = .
		SccProjectFilePathRelativizedFromConnection18 = DoFactory.HeadFirst.Facade.HomeTheater\\
		SccProjectUniqueName19 = DoFactory.HeadFirst.Factory.Abstract.Pizza\\DoFactory.HeadFirst.Factory.Abstract.Pizza.csproj
		SccLocalPath19 = .
		SccProjectFilePathRelativizedFromConnection19 = DoFactory.HeadFirst.Factory.Abstract.Pizza\\
		SccProjectUniqueName20 = DoFactory.HeadFirst.Factory.Method.Pizza\\DoFactory.HeadFirst.Factory.Method.Pizza.csproj
		SccLocalPath20 = .
		SccProjectFilePathRelativizedFromConnection20 = DoFactory.HeadFirst.Factory.Method.Pizza\\
		SccProjectUniqueName21 = DoFactory.HeadFirst.Factory.PizzaShop\\DoFactory.HeadFirst.Factory.PizzaShop.csproj
		SccLocalPath21 = .
		SccProjectFilePathRelativizedFromConnection21 = DoFactory.HeadFirst.Factory.PizzaShop\\
		SccProjectUniqueName22 = DoFactory.HeadFirst.Iterator.DinerMerger\\DoFactory.HeadFirst.Iterator.DinerMerger.csproj
		SccLocalPath22 = .
		SccProjectFilePathRelativizedFromConnection22 = DoFactory.HeadFirst.Iterator.DinerMerger\\
		SccProjectUniqueName23 = DoFactory.HeadFirst.Iterator.DinerMergerCafe\\DoFactory.HeadFirst.Iterator.DinerMergerCafe.csproj
		SccLocalPath23 = .
		SccProjectFilePathRelativizedFromConnection23 = DoFactory.HeadFirst.Iterator.DinerMergerCafe\\
		SccProjectUniqueName24 = DoFactory.HeadFirst.Iterator.DinerMergerI\\DoFactory.HeadFirst.Iterator.DinerMergerI.csproj
		SccLocalPath24 = .
		SccProjectFilePathRelativizedFromConnection24 = DoFactory.HeadFirst.Iterator.DinerMergerI\\
		SccProjectUniqueName25 = DoFactory.HeadFirst.Observer.Swing\\DoFactory.HeadFirst.Observer.DotNet.csproj
		SccLocalPath25 = .
		SccProjectFilePathRelativizedFromConnection25 = DoFactory.HeadFirst.Observer.Swing\\
		SccProjectUniqueName26 = DoFactory.HeadFirst.Observer.WeatherStation\\DoFactory.HeadFirst.Observer.WeatherStation.csproj
		SccLocalPath26 = .
		SccProjectFilePathRelativizedFromConnection26 = DoFactory.HeadFirst.Observer.WeatherStation\\
		SccProjectUniqueName27 = DoFactory.HeadFirst.Observer.WeatherStationObservable\\DoFactory.HeadFirst.Observer.WeatherStationObservable.csproj
		SccLocalPath27 = .
		SccProjectFilePathRelativizedFromConnection27 = DoFactory.HeadFirst.Observer.WeatherStationObservable\\
		SccProjectUniqueName28 = DoFactory.HeadFirst.Proxy.GumballMonitor\\DoFactory.HeadFirst.Proxy.GumballMonitor.csproj
		SccLocalPath28 = .
		SccProjectFilePathRelativizedFromConnection28 = DoFactory.HeadFirst.Proxy.GumballMonitor\\
		SccProjectUniqueName29 = DoFactory.HeadFirst.Proxy.GumballState.Client\\DoFactory.HeadFirst.Proxy.GumballState.Client.csproj
		SccLocalPath29 = .
		SccProjectFilePathRelativizedFromConnection29 = DoFactory.HeadFirst.Proxy.GumballState.Client\\
		SccProjectUniqueName30 = DoFactory.HeadFirst.Proxy.GumballState.Host\\DoFactory.HeadFirst.Proxy.GumballState.Host.csproj
		SccLocalPath30 = .
		SccProjectFilePathRelativizedFromConnection30 = DoFactory.HeadFirst.Proxy.GumballState.Host\\
		SccProjectUniqueName31 = DoFactory.HeadFirst.Proxy.GumballState.Machine\\DoFactory.HeadFirst.Proxy.GumballState.Machine.csproj
		SccLocalPath31 = .
		SccProjectFilePathRelativizedFromConnection31 = DoFactory.HeadFirst.Proxy.GumballState.Machine\\
		SccProjectUniqueName32 = DoFactory.HeadFirst.Proxy.VirtualProxy\\DoFactory.HeadFirst.Proxy.VirtualProxy.csproj
		SccLocalPath32 = .
		SccProjectFilePathRelativizedFromConnection32 = DoFactory.HeadFirst.Proxy.VirtualProxy\\
		SccProjectUniqueName33 = DoFactory.HeadFirst.Singleton.Chocolate\\DoFactory.HeadFirst.Singleton.Chocolate.csproj
		SccLocalPath33 = .
		SccProjectFilePathRelativizedFromConnection33 = DoFactory.HeadFirst.Singleton.Chocolate\\
		SccProjectUniqueName34 = DoFactory.HeadFirst.Singleton.Classic\\DoFactory.HeadFirst.Singleton.Classic.csproj
		SccLocalPath34 = .
		SccProjectFilePathRelativizedFromConnection34 = DoFactory.HeadFirst.Singleton.Classic\\
		SccProjectUniqueName35 = DoFactory.HeadFirst.Singleton.DoubleChecked\\DoFactory.HeadFirst.Singleton.DoubleChecked.csproj
		SccLocalPath35 = .
		SccProjectFilePathRelativizedFromConnection35 = DoFactory.HeadFirst.Singleton.DoubleChecked\\
		SccProjectUniqueName36 = DoFactory.HeadFirst.Singleton.MultiThreading\\DoFactory.HeadFirst.Singleton.MultiThreading.csproj
		SccLocalPath36 = .
		SccProjectFilePathRelativizedFromConnection36 = DoFactory.HeadFirst.Singleton.MultiThreading\\
		SccProjectUniqueName37 = DoFactory.HeadFirst.State.Gumball\\DoFactory.HeadFirst.State.Gumball.csproj
		SccLocalPath37 = .
		SccProjectFilePathRelativizedFromConnection37 = DoFactory.HeadFirst.State.Gumball\\
		SccProjectUniqueName38 = DoFactory.HeadFirst.State.GumballState\\DoFactory.HeadFirst.State.GumballState.csproj
		SccLocalPath38 = .
		SccProjectFilePathRelativizedFromConnection38 = DoFactory.HeadFirst.State.GumballState\\
		SccProjectUniqueName39 = DoFactory.HeadFirst.State.GumballStateWinner\\DoFactory.HeadFirst.State.GumballStateWinner.csproj
		SccLocalPath39 = .
		SccProjectFilePathRelativizedFromConnection39 = DoFactory.HeadFirst.State.GumballStateWinner\\
		SccProjectUniqueName40 = DoFactory.HeadFirst.Strategy\\DoFactory.HeadFirst.Strategy.csproj
		SccLocalPath40 = .
		SccProjectFilePathRelativizedFromConnection40 = DoFactory.HeadFirst.Strategy\\
		SccProjectUniqueName41 = DoFactory.HeadFirst.Template.Barista\\DoFactory.HeadFirst.Template.Barista.csproj
		SccLocalPath41 = .
		SccProjectFilePathRelativizedFromConnection41 = DoFactory.HeadFirst.Template.Barista\\
		SccProjectUniqueName42 = DoFactory.HeadFirst.Template.Control\\DoFactory.HeadFirst.Template.Control.csproj
		SccLocalPath42 = .
		SccProjectFilePathRelativizedFromConnection42 = DoFactory.HeadFirst.Template.Control\\
		SccProjectUniqueName43 = DoFactory.HeadFirst.Template.SimpleBarista\\DoFactory.HeadFirst.Template.SimpleBarista.csproj
		SccLocalPath43 = .
		SccProjectFilePathRelativizedFromConnection43 = DoFactory.HeadFirst.Template.SimpleBarista\\
		SccProjectUniqueName44 = DoFactory.HeadFirst.Template.Sort\\DoFactory.HeadFirst.Template.Sort.csproj
		SccLocalPath44 = .
		SccProjectFilePathRelativizedFromConnection44 = DoFactory.HeadFirst.Template.Sort\\
		SccProjectUniqueName45 = DoFactory.HeadFirst.Template.WindowsService\\DoFactory.HeadFirst.Template.WindowsService.csproj
		SccLocalPath45 = .
		SccProjectFilePathRelativizedFromConnection45 = DoFactory.HeadFirst.Template.WindowsService\\
	EndGlobalSection
	GlobalSection(SolutionConfigurationPlatforms) = preSolution
		Debug|Any CPU = Debug|Any CPU
		Release|Any CPU = Release|Any CPU
	EndGlobalSection
	GlobalSection(ProjectConfigurationPlatforms) = postSolution
		{5F5C5079-FB77-4E5E-A7BB-C9566DC705C2}.Debug|Any CPU.ActiveCfg = Debug|Any CPU
		{5F5C5079-FB77-4E5E-A7BB-C9566DC705C2}.Debug|Any CPU.Build.0 = Debug|Any CPU
		{5F5C5079-FB77-4E5E-A7BB-C9566DC705C2}.Release|Any CPU.ActiveCfg = Release|Any CPU
		{5F5C5079-FB77-4E5E-A7BB-C9566DC705C2}.Release|Any CPU.Build.0 = Release|Any CPU
		{BBFDEF36-3747-41AE-8E67-44799F4A4397}.Debug|Any CPU.ActiveCfg = Debug|Any CPU
		{BBFDEF36-3747-41AE-8E67-44799F4A4397}.Debug|Any CPU.Build.0 = Debug|Any CPU
		{BBFDEF36-3747-41AE-8E67-44799F4A4397}.Release|Any CPU.ActiveCfg = Release|Any CPU
		{BBFDEF36-3747-41AE-8E67-44799F4A4397}.Release|Any CPU.Build.0 = Release|Any CPU
		{A8BA73FD-FA67-45EE-9412-3ABD25BDE17F}.Debug|Any CPU.ActiveCfg = Debug|Any CPU
		{A8BA73FD-FA67-45EE-9412-3ABD25BDE17F}.Debug|Any CPU.Build.0 = Debug|Any CPU
		{A8BA73FD-FA67-45EE-9412-3ABD25BDE17F}.Release|Any CPU.ActiveCfg = Release|Any CPU
		{A8BA73FD-FA67-45EE-9412-3ABD25BDE17F}.Release|Any CPU.Build.0 = Release|Any CPU
		{D80F8E3A-CB80-4B88-A1C1-EB276262C867}.Debug|Any CPU.ActiveCfg = Debug|Any CPU
		{D80F8E3A-CB80-4B88-A1C1-EB276262C867}.Debug|Any CPU.Build.0 = Debug|Any CPU
		{D80F8E3A-CB80-4B88-A1C1-EB276262C867}.Release|Any CPU.ActiveCfg = Release|Any CPU
		{D80F8E3A-CB80-4B88-A1C1-EB276262C867}.Release|Any CPU.Build.0 = Release|Any CPU
		{943B7878-4D60-47AF-B440-36D8829E71F4}.Debug|Any CPU.ActiveCfg = Debug|Any CPU
		{943B7878-4D60-47AF-B440-36D8829E71F4}.Debug|Any CPU.Build.0 = Debug|Any CPU
		{943B7878-4D60-47AF-B440-36D8829E71F4}.Release|Any CPU.ActiveCfg = Release|Any CPU
		{943B7878-4D60-47AF-B440-36D8829E71F4}.Release|Any CPU.Build.0 = Release|Any CPU
		{057BB126-FFCC-4CA0-A5B4-0A9AD7DA6CE0}.Debug|Any CPU.ActiveCfg = Debug|Any CPU
		{057BB126-FFCC-4CA0-A5B4-0A9AD7DA6CE0}.Debug|Any CPU.Build.0 = Debug|Any CPU
		{057BB126-FFCC-4CA0-A5B4-0A9AD7DA6CE0}.Release|Any CPU.ActiveCfg = Release|Any CPU
		{057BB126-FFCC-4CA0-A5B4-0A9AD7DA6CE0}.Release|Any CPU.Build.0 = Release|Any CPU
		{9A98BA18-E928-43D8-81D5-9D71BBF838F7}.Debug|Any CPU.ActiveCfg = Debug|Any CPU
		{9A98BA18-E928-43D8-81D5-9D71BBF838F7}.Debug|Any CPU.Build.0 = Debug|Any CPU
		{9A98BA18-E928-43D8-81D5-9D71BBF838F7}.Release|Any CPU.ActiveCfg = Release|Any CPU
		{9A98BA18-E928-43D8-81D5-9D71BBF838F7}.Release|Any CPU.Build.0 = Release|Any CPU
		{EA0D5209-3787-4F24-BC23-66A5B12976CC}.Debug|Any CPU.ActiveCfg = Debug|Any CPU
		{EA0D5209-3787-4F24-BC23-66A5B12976CC}.Debug|Any CPU.Build.0 = Debug|Any CPU
		{EA0D5209-3787-4F24-BC23-66A5B12976CC}.Release|Any CPU.ActiveCfg = Release|Any CPU
		{EA0D5209-3787-4F24-BC23-66A5B12976CC}.Release|Any CPU.Build.0 = Release|Any CPU
		{1C536373-5EBE-405A-93E1-A85A14DBD83D}.Debug|Any CPU.ActiveCfg = Debug|Any CPU
		{1C536373-5EBE-405A-93E1-A85A14DBD83D}.Debug|Any CPU.Build.0 = Debug|Any CPU
		{1C536373-5EBE-405A-93E1-A85A14DBD83D}.Release|Any CPU.ActiveCfg = Release|Any CPU
		{1C536373-5EBE-405A-93E1-A85A14DBD83D}.Release|Any CPU.Build.0 = Release|Any CPU
		{51E0EAA9-057C-49C2-ACD5-7CF54D71561E}.Debug|Any CPU.ActiveCfg = Debug|Any CPU
		{51E0EAA9-057C-49C2-ACD5-7CF54D71561E}.Debug|Any CPU.Build.0 = Debug|Any CPU
		{51E0EAA9-057C-49C2-ACD5-7CF54D71561E}.Release|Any CPU.ActiveCfg = Release|Any CPU
		{51E0EAA9-057C-49C2-ACD5-7CF54D71561E}.Release|Any CPU.Build.0 = Release|Any CPU
		{D95D00E9-85F4-4E77-9F6B-7523160FBA5D}.Debug|Any CPU.ActiveCfg = Debug|Any CPU
		{D95D00E9-85F4-4E77-9F6B-7523160FBA5D}.Debug|Any CPU.Build.0 = Debug|Any CPU
		{D95D00E9-85F4-4E77-9F6B-7523160FBA5D}.Release|Any CPU.ActiveCfg = Release|Any CPU
		{D95D00E9-85F4-4E77-9F6B-7523160FBA5D}.Release|Any CPU.Build.0 = Release|Any CPU
		{B16DEDF5-A931-4F78-AADC-719575A3BCCA}.Debug|Any CPU.ActiveCfg = Debug|Any CPU
		{B16DEDF5-A931-4F78-AADC-719575A3BCCA}.Debug|Any CPU.Build.0 = Debug|Any CPU
		{B16DEDF5-A931-4F78-AADC-719575A3BCCA}.Release|Any CPU.ActiveCfg = Release|Any CPU
		{B16DEDF5-A931-4F78-AADC-719575A3BCCA}.Release|Any CPU.Build.0 = Release|Any CPU
		{5845B3E6-A63A-4667-9846-51F9A9EFA230}.Debug|Any CPU.ActiveCfg = Debug|Any CPU
		{5845B3E6-A63A-4667-9846-51F9A9EFA230}.Debug|Any CPU.Build.0 = Debug|Any CPU
		{5845B3E6-A63A-4667-9846-51F9A9EFA230}.Release|Any CPU.ActiveCfg = Release|Any CPU
		{5845B3E6-A63A-4667-9846-51F9A9EFA230}.Release|Any CPU.Build.0 = Release|Any CPU
		{B150022F-D608-47E2-9F82-43096284BE9E}.Debug|Any CPU.ActiveCfg = Debug|Any CPU
		{B150022F-D608-47E2-9F82-43096284BE9E}.Debug|Any CPU.Build.0 = Debug|Any CPU
		{B150022F-D608-47E2-9F82-43096284BE9E}.Release|Any CPU.ActiveCfg = Release|Any CPU
		{B150022F-D608-47E2-9F82-43096284BE9E}.Release|Any CPU.Build.0 = Release|Any CPU
		{447A0B21-EF25-477C-8D1F-FC75D920C7A4}.Debug|Any CPU.ActiveCfg = Debug|Any CPU
		{447A0B21-EF25-477C-8D1F-FC75D920C7A4}.Debug|Any CPU.Build.0 = Debug|Any CPU
		{447A0B21-EF25-477C-8D1F-FC75D920C7A4}.Release|Any CPU.ActiveCfg = Release|Any CPU
		{447A0B21-EF25-477C-8D1F-FC75D920C7A4}.Release|Any CPU.Build.0 = Release|Any CPU
		{A0C9625C-9920-4C6A-B67B-BAB253169171}.Debug|Any CPU.ActiveCfg = Debug|Any CPU
		{A0C9625C-9920-4C6A-B67B-BAB253169171}.Debug|Any CPU.Build.0 = Debug|Any CPU
		{A0C9625C-9920-4C6A-B67B-BAB253169171}.Release|Any CPU.ActiveCfg = Release|Any CPU
		{A0C9625C-9920-4C6A-B67B-BAB253169171}.Release|Any CPU.Build.0 = Release|Any CPU
		{38D5C87C-2F7F-4658-A5A4-CADD69865212}.Debug|Any CPU.ActiveCfg = Debug|Any CPU
		{38D5C87C-2F7F-4658-A5A4-CADD69865212}.Debug|Any CPU.Build.0 = Debug|Any CPU
		{38D5C87C-2F7F-4658-A5A4-CADD69865212}.Release|Any CPU.ActiveCfg = Release|Any CPU
		{38D5C87C-2F7F-4658-A5A4-CADD69865212}.Release|Any CPU.Build.0 = Release|Any CPU
		{3C3BF829-3D03-44C3-8D66-69538E9DA22D}.Debug|Any CPU.ActiveCfg = Debug|Any CPU
		{3C3BF829-3D03-44C3-8D66-69538E9DA22D}.Debug|Any CPU.Build.0 = Debug|Any CPU
		{3C3BF829-3D03-44C3-8D66-69538E9DA22D}.Release|Any CPU.ActiveCfg = Release|Any CPU
		{3C3BF829-3D03-44C3-8D66-69538E9DA22D}.Release|Any CPU.Build.0 = Release|Any CPU
		{0BB0E6E1-75A6-4266-80DD-D9F64AF64CD2}.Debug|Any CPU.ActiveCfg = Debug|Any CPU
		{0BB0E6E1-75A6-4266-80DD-D9F64AF64CD2}.Debug|Any CPU.Build.0 = Debug|Any CPU
		{0BB0E6E1-75A6-4266-80DD-D9F64AF64CD2}.Release|Any CPU.ActiveCfg = Release|Any CPU
		{0BB0E6E1-75A6-4266-80DD-D9F64AF64CD2}.Release|Any CPU.Build.0 = Release|Any CPU
		{B76B8EE8-393A-42BD-95A6-2534152E25DC}.Debug|Any CPU.ActiveCfg = Debug|Any CPU
		{B76B8EE8-393A-42BD-95A6-2534152E25DC}.Debug|Any CPU.Build.0 = Debug|Any CPU
		{B76B8EE8-393A-42BD-95A6-2534152E25DC}.Release|Any CPU.ActiveCfg = Release|Any CPU
		{B76B8EE8-393A-42BD-95A6-2534152E25DC}.Release|Any CPU.Build.0 = Release|Any CPU
		{F7C22D48-CDE7-4A31-A9AB-C88B6C767781}.Debug|Any CPU.ActiveCfg = Debug|Any CPU
		{F7C22D48-CDE7-4A31-A9AB-C88B6C767781}.Debug|Any CPU.Build.0 = Debug|Any CPU
		{F7C22D48-CDE7-4A31-A9AB-C88B6C767781}.Release|Any CPU.ActiveCfg = Release|Any CPU
		{F7C22D48-CDE7-4A31-A9AB-C88B6C767781}.Release|Any CPU.Build.0 = Release|Any CPU
		{8C4B14BC-2D53-4AB2-A3A8-2D0EF4D2CFBE}.Debug|Any CPU.ActiveCfg = Debug|Any CPU
		{8C4B14BC-2D53-4AB2-A3A8-2D0EF4D2CFBE}.Debug|Any CPU.Build.0 = Debug|Any CPU
		{8C4B14BC-2D53-4AB2-A3A8-2D0EF4D2CFBE}.Release|Any CPU.ActiveCfg = Release|Any CPU
		{8C4B14BC-2D53-4AB2-A3A8-2D0EF4D2CFBE}.Release|Any CPU.Build.0 = Release|Any CPU
		{C84DEA34-E61F-41A0-9B85-71ED61E2E282}.Debug|Any CPU.ActiveCfg = Debug|Any CPU
		{C84DEA34-E61F-41A0-9B85-71ED61E2E282}.Debug|Any CPU.Build.0 = Debug|Any CPU
		{C84DEA34-E61F-41A0-9B85-71ED61E2E282}.Release|Any CPU.ActiveCfg = Release|Any CPU
		{C84DEA34-E61F-41A0-9B85-71ED61E2E282}.Release|Any CPU.Build.0 = Release|Any CPU
		{0F5925B4-099C-42E4-8708-831F70C7AF5C}.Debug|Any CPU.ActiveCfg = Debug|Any CPU
		{0F5925B4-099C-42E4-8708-831F70C7AF5C}.Debug|Any CPU.Build.0 = Debug|Any CPU
		{0F5925B4-099C-42E4-8708-831F70C7AF5C}.Release|Any CPU.ActiveCfg = Release|Any CPU
		{0F5925B4-099C-42E4-8708-831F70C7AF5C}.Release|Any CPU.Build.0 = Release|Any CPU
		{16D00731-E554-4A81-AE7B-5E1292E8DD91}.Debug|Any CPU.ActiveCfg = Debug|Any CPU
		{16D00731-E554-4A81-AE7B-5E1292E8DD91}.Debug|Any CPU.Build.0 = Debug|Any CPU
		{16D00731-E554-4A81-AE7B-5E1292E8DD91}.Release|Any CPU.ActiveCfg = Release|Any CPU
		{16D00731-E554-4A81-AE7B-5E1292E8DD91}.Release|Any CPU.Build.0 = Release|Any CPU
		{C6DE1C95-DBE6-4CD6-B8EB-51B014F7E6E3}.Debug|Any CPU.ActiveCfg = Debug|Any CPU
		{C6DE1C95-DBE6-4CD6-B8EB-51B014F7E6E3}.Debug|Any CPU.Build.0 = Debug|Any CPU
		{C6DE1C95-DBE6-4CD6-B8EB-51B014F7E6E3}.Release|Any CPU.ActiveCfg = Release|Any CPU
		{C6DE1C95-DBE6-4CD6-B8EB-51B014F7E6E3}.Release|Any CPU.Build.0 = Release|Any CPU
		{F30F5076-4ADD-43CC-A415-B4A2ED4BE83A}.Debug|Any CPU.ActiveCfg = Debug|Any CPU
		{F30F5076-4ADD-43CC-A415-B4A2ED4BE83A}.Debug|Any CPU.Build.0 = Debug|Any CPU
		{F30F5076-4ADD-43CC-A415-B4A2ED4BE83A}.Release|Any CPU.ActiveCfg = Release|Any CPU
		{F30F5076-4ADD-43CC-A415-B4A2ED4BE83A}.Release|Any CPU.Build.0 = Release|Any CPU
		{6168C4C3-8DDE-473D-B573-A21EC58B94F8}.Debug|Any CPU.ActiveCfg = Debug|Any CPU
		{6168C4C3-8DDE-473D-B573-A21EC58B94F8}.Debug|Any CPU.Build.0 = Debug|Any CPU
		{6168C4C3-8DDE-473D-B573-A21EC58B94F8}.Release|Any CPU.ActiveCfg = Release|Any CPU
		{6168C4C3-8DDE-473D-B573-A21EC58B94F8}.Release|Any CPU.Build.0 = Release|Any CPU
		{DC711AF4-0EB5-4B44-ADB2-8487F2D9E9D3}.Debug|Any CPU.ActiveCfg = Debug|Any CPU
		{DC711AF4-0EB5-4B44-ADB2-8487F2D9E9D3}.Debug|Any CPU.Build.0 = Debug|Any CPU
		{DC711AF4-0EB5-4B44-ADB2-8487F2D9E9D3}.Release|Any CPU.ActiveCfg = Release|Any CPU
		{DC711AF4-0EB5-4B44-ADB2-8487F2D9E9D3}.Release|Any CPU.Build.0 = Release|Any CPU
		{955E2F9B-39EE-44A1-94E5-CD6CC4E9861F}.Debug|Any CPU.ActiveCfg = Debug|Any CPU
		{955E2F9B-39EE-44A1-94E5-CD6CC4E9861F}.Debug|Any CPU.Build.0 = Debug|Any CPU
		{955E2F9B-39EE-44A1-94E5-CD6CC4E9861F}.Release|Any CPU.ActiveCfg = Release|Any CPU
		{955E2F9B-39EE-44A1-94E5-CD6CC4E9861F}.Release|Any CPU.Build.0 = Release|Any CPU
		{61ED7203-479B-4F0E-A1F5-5D80DD130EE7}.Debug|Any CPU.ActiveCfg = Debug|Any CPU
		{61ED7203-479B-4F0E-A1F5-5D80DD130EE7}.Debug|Any CPU.Build.0 = Debug|Any CPU
		{61ED7203-479B-4F0E-A1F5-5D80DD130EE7}.Release|Any CPU.ActiveCfg = Release|Any CPU
		{61ED7203-479B-4F0E-A1F5-5D80DD130EE7}.Release|Any CPU.Build.0 = Release|Any CPU
		{A4F680A5-7808-4777-8045-5B01B9677F65}.Debug|Any CPU.ActiveCfg = Debug|Any CPU
		{A4F680A5-7808-4777-8045-5B01B9677F65}.Debug|Any CPU.Build.0 = Debug|Any CPU
		{A4F680A5-7808-4777-8045-5B01B9677F65}.Release|Any CPU.ActiveCfg = Release|Any CPU
		{A4F680A5-7808-4777-8045-5B01B9677F65}.Release|Any CPU.Build.0 = Release|Any CPU
		{190A1162-5059-4480-984D-F2A07B0348CD}.Debug|Any CPU.ActiveCfg = Debug|Any CPU
		{190A1162-5059-4480-984D-F2A07B0348CD}.Debug|Any CPU.Build.0 = Debug|Any CPU
		{190A1162-5059-4480-984D-F2A07B0348CD}.Release|Any CPU.ActiveCfg = Release|Any CPU
		{190A1162-5059-4480-984D-F2A07B0348CD}.Release|Any CPU.Build.0 = Release|Any CPU
		{DA3944E4-3065-4035-8382-09EDC88C9BCF}.Debug|Any CPU.ActiveCfg = Debug|Any CPU
		{DA3944E4-3065-4035-8382-09EDC88C9BCF}.Debug|Any CPU.Build.0 = Debug|Any CPU
		{DA3944E4-3065-4035-8382-09EDC88C9BCF}.Release|Any CPU.ActiveCfg = Release|Any CPU
		{DA3944E4-3065-4035-8382-09EDC88C9BCF}.Release|Any CPU.Build.0 = Release|Any CPU
		{35A03563-775E-4915-ACC3-F009226535E6}.Debug|Any CPU.ActiveCfg = Debug|Any CPU
		{35A03563-775E-4915-ACC3-F009226535E6}.Debug|Any CPU.Build.0 = Debug|Any CPU
		{35A03563-775E-4915-ACC3-F009226535E6}.Release|Any CPU.ActiveCfg = Release|Any CPU
		{35A03563-775E-4915-ACC3-F009226535E6}.Release|Any CPU.Build.0 = Release|Any CPU
		{C231E5B9-2985-44F6-92C1-BF65D1892A5A}.Debug|Any CPU.ActiveCfg = Debug|Any CPU
		{C231E5B9-2985-44F6-92C1-BF65D1892A5A}.Debug|Any CPU.Build.0 = Debug|Any CPU
		{C231E5B9-2985-44F6-92C1-BF65D1892A5A}.Release|Any CPU.ActiveCfg = Release|Any CPU
		{C231E5B9-2985-44F6-92C1-BF65D1892A5A}.Release|Any CPU.Build.0 = Release|Any CPU
		{6E9CB14C-A40E-475F-BF26-AE8FADF19BBA}.Debug|Any CPU.ActiveCfg = Debug|Any CPU
		{6E9CB14C-A40E-475F-BF26-AE8FADF19BBA}.Debug|Any CPU.Build.0 = Debug|Any CPU
		{6E9CB14C-A40E-475F-BF26-AE8FADF19BBA}.Release|Any CPU.ActiveCfg = Release|Any CPU
		{6E9CB14C-A40E-475F-BF26-AE8FADF19BBA}.Release|Any CPU.Build.0 = Release|Any CPU
		{7DDC0DA4-126F-4769-B233-658715C4B3EA}.Debug|Any CPU.ActiveCfg = Debug|Any CPU
		{7DDC0DA4-126F-4769-B233-658715C4B3EA}.Debug|Any CPU.Build.0 = Debug|Any CPU
		{7DDC0DA4-126F-4769-B233-658715C4B3EA}.Release|Any CPU.ActiveCfg = Release|Any CPU
		{7DDC0DA4-126F-4769-B233-658715C4B3EA}.Release|Any CPU.Build.0 = Release|Any CPU
		{3164096D-7F05-4134-9FAE-B2C62EBC7F81}.Debug|Any CPU.ActiveCfg = Debug|Any CPU
		{3164096D-7F05-4134-9FAE-B2C62EBC7F81}.Debug|Any CPU.Build.0 = Debug|Any CPU
		{3164096D-7F05-4134-9FAE-B2C62EBC7F81}.Release|Any CPU.ActiveCfg = Release|Any CPU
		{3164096D-7F05-4134-9FAE-B2C62EBC7F81}.Release|Any CPU.Build.0 = Release|Any CPU
		{B010A3EB-E660-462B-8E0A-A2B59CFE21EB}.Debug|Any CPU.ActiveCfg = Debug|Any CPU
		{B010A3EB-E660-462B-8E0A-A2B59CFE21EB}.Debug|Any CPU.Build.0 = Debug|Any CPU
		{B010A3EB-E660-462B-8E0A-A2B59CFE21EB}.Release|Any CPU.ActiveCfg = Release|Any CPU
		{B010A3EB-E660-462B-8E0A-A2B59CFE21EB}.Release|Any CPU.Build.0 = Release|Any CPU
		{141728F8-4992-4B8E-A1AD-FB2C5F37A975}.Debug|Any CPU.ActiveCfg = Debug|Any CPU
		{141728F8-4992-4B8E-A1AD-FB2C5F37A975}.Debug|Any CPU.Build.0 = Debug|Any CPU
		{141728F8-4992-4B8E-A1AD-FB2C5F37A975}.Release|Any CPU.ActiveCfg = Release|Any CPU
		{141728F8-4992-4B8E-A1AD-FB2C5F37A975}.Release|Any CPU.Build.0 = Release|Any CPU
		{8E25F2BE-0709-4C85-85F1-E7AC55C07937}.Debug|Any CPU.ActiveCfg = Debug|Any CPU
		{8E25F2BE-0709-4C85-85F1-E7AC55C07937}.Debug|Any CPU.Build.0 = Debug|Any CPU
		{8E25F2BE-0709-4C85-85F1-E7AC55C07937}.Release|Any CPU.ActiveCfg = Release|Any CPU
		{8E25F2BE-0709-4C85-85F1-E7AC55C07937}.Release|Any CPU.Build.0 = Release|Any CPU
		{762AE60D-53CC-4ECD-BC5A-E263B1A36ED3}.Debug|Any CPU.ActiveCfg = Debug|Any CPU
		{762AE60D-53CC-4ECD-BC5A-E263B1A36ED3}.Debug|Any CPU.Build.0 = Debug|Any CPU
		{762AE60D-53CC-4ECD-BC5A-E263B1A36ED3}.Release|Any CPU.ActiveCfg = Release|Any CPU
		{762AE60D-53CC-4ECD-BC5A-E263B1A36ED3}.Release|Any CPU.Build.0 = Release|Any CPU
		{574495B8-D688-4459-B8C0-4B4237A4814D}.Debug|Any CPU.ActiveCfg = Debug|Any CPU
		{574495B8-D688-4459-B8C0-4B4237A4814D}.Debug|Any CPU.Build.0 = Debug|Any CPU
		{574495B8-D688-4459-B8C0-4B4237A4814D}.Release|Any CPU.ActiveCfg = Release|Any CPU
		{574495B8-D688-4459-B8C0-4B4237A4814D}.Release|Any CPU.Build.0 = Release|Any CPU
		{E697CB5D-D36B-4CE6-A978-E14F61492D61}.Debug|Any CPU.ActiveCfg = Debug|Any CPU
		{E697CB5D-D36B-4CE6-A978-E14F61492D61}.Debug|Any CPU.Build.0 = Debug|Any CPU
		{E697CB5D-D36B-4CE6-A978-E14F61492D61}.Release|Any CPU.ActiveCfg = Release|Any CPU
		{E697CB5D-D36B-4CE6-A978-E14F61492D61}.Release|Any CPU.Build.0 = Release|Any CPU
	EndGlobalSection
	GlobalSection(SolutionProperties) = preSolution
		HideSolutionNode = FALSE
	EndGlobalSection
EndGlobal
